PODS:
  - SQLite.swift (0.15.4):
    - SQLite.swift/standard (= 0.15.4)
  - SQLite.swift/standard (0.15.4)
  - tealium-prism/Core (0.3.0):
    - SQLite.swift (~> 0.15.0)
  - tealium-prism/Extensions (0.3.0):
    - SQLite.swift (~> 0.15.0)
    - tealium-prism/Core
  - tealium-prism/JavaScriptTransformer (0.3.0):
    - SQLite.swift (~> 0.15.0)
    - tealium-prism/Core
  - tealium-prism/Lifecycle (0.3.0):
    - SQLite.swift (~> 0.15.0)
    - tealium-prism/Core
  - tealium-prism/MomentsAPI (0.3.0):
    - SQLite.swift (~> 0.15.0)
    - tealium-prism/Core

DEPENDENCIES:
  - tealium-prism/Core (from `../`)
  - tealium-prism/Extensions (from `../`)
  - tealium-prism/JavaScriptTransformer (from `../`)
  - tealium-prism/Lifecycle (from `../`)
  - tealium-prism/MomentsAPI (from `../`)

SPEC REPOS:
  trunk:
    - SQLite.swift

EXTERNAL SOURCES:
  tealium-prism:
    :path: "../"

SPEC CHECKSUMS:
  SQLite.swift: a107c734115fea616a4ad31371d39f1637e8de56
  tealium-prism: de3555b1fda73b17913efcaa7d2c6af82c354cc0

PODFILE CHECKSUM: c814add06dda0214cfc154e596056974a3498f06

COCOAPODS: 1.16.2
