PODS:
  - SQLite.swift (0.15.4):
    - SQLite.swift/standard (= 0.15.4)
  - SQLite.swift/standard (0.15.4)
  - tealium-prism/Core (3.0.0):
    - SQLite.swift (~> 0.15.0)
  - tealium-prism/Lifecycle (3.0.0):
    - SQLite.swift (~> 0.15.0)
    - tealium-prism/Core

DEPENDENCIES:
  - tealium-prism/Core (from `../`)
  - tealium-prism/Lifecycle (from `../`)

SPEC REPOS:
  trunk:
    - SQLite.swift

EXTERNAL SOURCES:
  tealium-prism:
    :path: "../"

SPEC CHECKSUMS:
  SQLite.swift: a107c734115fea616a4ad31371d39f1637e8de56
  tealium-prism: 0a0909451837bd571c1c58f23523cd730a59a331

PODFILE CHECKSUM: ee05bcb089ba05111b479281ec079097052231ae

COCOAPODS: 1.16.2
